
Microsoft Visual Studio Solution File, Format Version 12.00
# Visual Studio 15
VisualStudioVersion = 15.0.26403.3
MinimumVisualStudioVersion = 10.0.40219.1
Project("{FAE04EC0-301F-11D3-BF4B-00C04F79EFBC}") = "2013135250-CON", "2013204637-CON\2013135250-CON.csproj", "{5A2386B7-518C-4077-ACF0-9DA3C6CB59F9}"
EndProject
Project("{FAE04EC0-301F-11D3-BF4B-00C04F79EFBC}") = "2013135250-ENT", "2013204637-ENT\2013135250-ENT.csproj", "{C89FF4BD-21C9-4583-AD3D-DB3DF93BCC4B}"
EndProject
Project("{FAE04EC0-301F-11D3-BF4B-00C04F79EFBC}") = "2013135250-PER", "2013204637-PER\2013135250-PER.csproj", "{9141093D-FC18-4C8F-A026-7762DAA14D5D}"
EndProject
Project("{FAE04EC0-301F-11D3-BF4B-00C04F79EFBC}") = "2013135250-MVC", "2013204637-MVC\2013135250-MVC.csproj", "{BFCEDB56-93B3-41BC-BAA2-1634BEB15870}"
EndProject
Global
	GlobalSection(SolutionConfigurationPlatforms) = preSolution
		Debug|Any CPU = Debug|Any CPU
		Release|Any CPU = Release|Any CPU
	EndGlobalSection
	GlobalSection(ProjectConfigurationPlatforms) = postSolution
		{5A2386B7-518C-4077-ACF0-9DA3C6CB59F9}.Debug|Any CPU.ActiveCfg = Debug|Any CPU
		{5A2386B7-518C-4077-ACF0-9DA3C6CB59F9}.Debug|Any CPU.Build.0 = Debug|Any CPU
		{5A2386B7-518C-4077-ACF0-9DA3C6CB59F9}.Release|Any CPU.ActiveCfg = Release|Any CPU
		{5A2386B7-518C-4077-ACF0-9DA3C6CB59F9}.Release|Any CPU.Build.0 = Release|Any CPU
		{C89FF4BD-21C9-4583-AD3D-DB3DF93BCC4B}.Debug|Any CPU.ActiveCfg = Debug|Any CPU
		{C89FF4BD-21C9-4583-AD3D-DB3DF93BCC4B}.Debug|Any CPU.Build.0 = Debug|Any CPU
		{C89FF4BD-21C9-4583-AD3D-DB3DF93BCC4B}.Release|Any CPU.ActiveCfg = Release|Any CPU
		{C89FF4BD-21C9-4583-AD3D-DB3DF93BCC4B}.Release|Any CPU.Build.0 = Release|Any CPU
		{9141093D-FC18-4C8F-A026-7762DAA14D5D}.Debug|Any CPU.ActiveCfg = Debug|Any CPU
		{9141093D-FC18-4C8F-A026-7762DAA14D5D}.Debug|Any CPU.Build.0 = Debug|Any CPU
		{9141093D-FC18-4C8F-A026-7762DAA14D5D}.Release|Any CPU.ActiveCfg = Release|Any CPU
		{9141093D-FC18-4C8F-A026-7762DAA14D5D}.Release|Any CPU.Build.0 = Release|Any CPU
		{BFCEDB56-93B3-41BC-BAA2-1634BEB15870}.Debug|Any CPU.ActiveCfg = Debug|Any CPU
		{BFCEDB56-93B3-41BC-BAA2-1634BEB15870}.Debug|Any CPU.Build.0 = Debug|Any CPU
		{BFCEDB56-93B3-41BC-BAA2-1634BEB15870}.Release|Any CPU.ActiveCfg = Release|Any CPU
		{BFCEDB56-93B3-41BC-BAA2-1634BEB15870}.Release|Any CPU.Build.0 = Release|Any CPU
	EndGlobalSection
	GlobalSection(SolutionProperties) = preSolution
		HideSolutionNode = FALSE
	EndGlobalSection
EndGlobal
